
Microsoft Visual Studio Solution File, Format Version 12.00
# Visual Studio 2012
Project("{FAE04EC0-301F-11D3-BF4B-00C04F79EFBC}") = "titan.nc.json", "titan.nc.json\titan.nc.json.csproj", "{7516D2E8-D941-4002-9426-30E8EC1E492E}"
EndProject
Project("{FAE04EC0-301F-11D3-BF4B-00C04F79EFBC}") = "test", "test\test.csproj", "{7D1E51D1-E1F6-4735-A082-C5B1A9B380F4}"
EndProject
Global
	GlobalSection(SolutionConfigurationPlatforms) = preSolution
		Debug|Any CPU = Debug|Any CPU
		Release|Any CPU = Release|Any CPU
	EndGlobalSection
	GlobalSection(ProjectConfigurationPlatforms) = postSolution
		{7516D2E8-D941-4002-9426-30E8EC1E492E}.Debug|Any CPU.ActiveCfg = Debug|Any CPU
		{7516D2E8-D941-4002-9426-30E8EC1E492E}.Debug|Any CPU.Build.0 = Debug|Any CPU
		{7516D2E8-D941-4002-9426-30E8EC1E492E}.Release|Any CPU.ActiveCfg = Release|Any CPU
		{7516D2E8-D941-4002-9426-30E8EC1E492E}.Release|Any CPU.Build.0 = Release|Any CPU
		{7D1E51D1-E1F6-4735-A082-C5B1A9B380F4}.Debug|Any CPU.ActiveCfg = Debug|Any CPU
		{7D1E51D1-E1F6-4735-A082-C5B1A9B380F4}.Debug|Any CPU.Build.0 = Debug|Any CPU
		{7D1E51D1-E1F6-4735-A082-C5B1A9B380F4}.Release|Any CPU.ActiveCfg = Release|Any CPU
		{7D1E51D1-E1F6-4735-A082-C5B1A9B380F4}.Release|Any CPU.Build.0 = Release|Any CPU
	EndGlobalSection
EndGlobal
